// !$*UTF8*$!
{
	archiveVersion = 1;
	classes = {
	};
	objectVersion = 50;
	objects = {

/* Begin PBXBuildFile section */
		E838E916257D18E900E95553 /* NotificationViewController.swift in Sources */ = {isa = PBXBuildFile; fileRef = E838E914257D18E900E95553 /* NotificationViewController.swift */; };
		E838E917257D18E900E95553 /* NotificationViewController.xib in Resources */ = {isa = PBXBuildFile; fileRef = E838E915257D18E900E95553 /* NotificationViewController.xib */; };
		E838E91B257D1B4400E95553 /* NotificationTableViewCell.swift in Sources */ = {isa = PBXBuildFile; fileRef = E838E919257D1B4400E95553 /* NotificationTableViewCell.swift */; };
		E838E91C257D1B4400E95553 /* NotificationTableViewCell.xib in Resources */ = {isa = PBXBuildFile; fileRef = E838E91A257D1B4400E95553 /* NotificationTableViewCell.xib */; };
		E83AA8CE2576F85200F8317E /* UIview+Extensions.swift in Sources */ = {isa = PBXBuildFile; fileRef = E83AA8CD2576F85200F8317E /* UIview+Extensions.swift */; };
		E83D7190257CEC1700716860 /* HomeTableViewCell.swift in Sources */ = {isa = PBXBuildFile; fileRef = E83D718E257CEC1700716860 /* HomeTableViewCell.swift */; };
		E83D7191257CEC1700716860 /* HomeTableViewCell.xib in Resources */ = {isa = PBXBuildFile; fileRef = E83D718F257CEC1700716860 /* HomeTableViewCell.xib */; };
		E83EFAB3257D62CB0075CDF1 /* CustomAlertVC.swift in Sources */ = {isa = PBXBuildFile; fileRef = E83EFAB1257D62CB0075CDF1 /* CustomAlertVC.swift */; };
		E83EFAB4257D62CB0075CDF1 /* CustomAlertVC.xib in Resources */ = {isa = PBXBuildFile; fileRef = E83EFAB2257D62CB0075CDF1 /* CustomAlertVC.xib */; };
		E83EFAB6257D65E30075CDF1 /* Extension+ViewController.swift in Sources */ = {isa = PBXBuildFile; fileRef = E83EFAB5257D65E30075CDF1 /* Extension+ViewController.swift */; };
		E83EFABA257D6DC60075CDF1 /* AllOpportunitiesViewController.swift in Sources */ = {isa = PBXBuildFile; fileRef = E83EFAB8257D6DC60075CDF1 /* AllOpportunitiesViewController.swift */; };
		E83EFABB257D6DC60075CDF1 /* AllOpportunitiesViewController.xib in Resources */ = {isa = PBXBuildFile; fileRef = E83EFAB9257D6DC60075CDF1 /* AllOpportunitiesViewController.xib */; };
		E83EFAC0257D77BC0075CDF1 /* SearchViewController.swift in Sources */ = {isa = PBXBuildFile; fileRef = E83EFABE257D77BC0075CDF1 /* SearchViewController.swift */; };
		E83EFAC1257D77BC0075CDF1 /* SearchViewController.xib in Resources */ = {isa = PBXBuildFile; fileRef = E83EFABF257D77BC0075CDF1 /* SearchViewController.xib */; };
		E8B287622576CB0B00326E02 /* AppDelegate.swift in Sources */ = {isa = PBXBuildFile; fileRef = E8B287612576CB0B00326E02 /* AppDelegate.swift */; };
		E8B287642576CB0B00326E02 /* SceneDelegate.swift in Sources */ = {isa = PBXBuildFile; fileRef = E8B287632576CB0B00326E02 /* SceneDelegate.swift */; };
		E8B287662576CB0B00326E02 /* LanguageViewController.swift in Sources */ = {isa = PBXBuildFile; fileRef = E8B287652576CB0B00326E02 /* LanguageViewController.swift */; };
		E8B287692576CB0B00326E02 /* Main.storyboard in Resources */ = {isa = PBXBuildFile; fileRef = E8B287672576CB0B00326E02 /* Main.storyboard */; };
		E8B2876B2576CB1100326E02 /* Assets.xcassets in Resources */ = {isa = PBXBuildFile; fileRef = E8B2876A2576CB1100326E02 /* Assets.xcassets */; };
		E8B2876E2576CB1100326E02 /* LaunchScreen.storyboard in Resources */ = {isa = PBXBuildFile; fileRef = E8B2876C2576CB1100326E02 /* LaunchScreen.storyboard */; };
		E8B287792576CB1100326E02 /* OpportunitiesTests.swift in Sources */ = {isa = PBXBuildFile; fileRef = E8B287782576CB1100326E02 /* OpportunitiesTests.swift */; };
		E8B287842576CB1100326E02 /* OpportunitiesUITests.swift in Sources */ = {isa = PBXBuildFile; fileRef = E8B287832576CB1100326E02 /* OpportunitiesUITests.swift */; };
		E8B287932576D60D00326E02 /* DesignSystem.swift in Sources */ = {isa = PBXBuildFile; fileRef = E8B287922576D60D00326E02 /* DesignSystem.swift */; };
		E8B287952576D62D00326E02 /* Color.swift in Sources */ = {isa = PBXBuildFile; fileRef = E8B287942576D62D00326E02 /* Color.swift */; };
		E8B2879A2576DFE700326E02 /* Font.swift in Sources */ = {isa = PBXBuildFile; fileRef = E8B287992576DFE700326E02 /* Font.swift */; };
		E8B2879C2576E0A600326E02 /* CustomFontDiscriptor.swift in Sources */ = {isa = PBXBuildFile; fileRef = E8B2879B2576E0A600326E02 /* CustomFontDiscriptor.swift */; };
		E8B2879E2576E19F00326E02 /* Typography.swift in Sources */ = {isa = PBXBuildFile; fileRef = E8B2879D2576E19F00326E02 /* Typography.swift */; };
		E8B287A82576E46E00326E02 /* Cairo-ExtraLight.ttf in Resources */ = {isa = PBXBuildFile; fileRef = E8B287A12576E46E00326E02 /* Cairo-ExtraLight.ttf */; };
		E8B287A92576E46E00326E02 /* Cairo-SemiBold.ttf in Resources */ = {isa = PBXBuildFile; fileRef = E8B287A22576E46E00326E02 /* Cairo-SemiBold.ttf */; };
		E8B287AA2576E46E00326E02 /* Cairo-Regular.ttf in Resources */ = {isa = PBXBuildFile; fileRef = E8B287A32576E46E00326E02 /* Cairo-Regular.ttf */; };
		E8B287AB2576E46E00326E02 /* Cairo-Light.ttf in Resources */ = {isa = PBXBuildFile; fileRef = E8B287A42576E46E00326E02 /* Cairo-Light.ttf */; };
		E8B287AC2576E46E00326E02 /* Cairo-Black.ttf in Resources */ = {isa = PBXBuildFile; fileRef = E8B287A52576E46E00326E02 /* Cairo-Black.ttf */; };
		E8B287AD2576E46E00326E02 /* Cairo-Bold.ttf in Resources */ = {isa = PBXBuildFile; fileRef = E8B287A62576E46E00326E02 /* Cairo-Bold.ttf */; };
		E8B287AE2576E46E00326E02 /* OFL.txt in Resources */ = {isa = PBXBuildFile; fileRef = E8B287A72576E46E00326E02 /* OFL.txt */; };
		E8EC0DCB257CD4200024D395 /* SignUpViewController.swift in Sources */ = {isa = PBXBuildFile; fileRef = E8EC0DCA257CD4200024D395 /* SignUpViewController.swift */; };
		E8EC0DD2257CDAE20024D395 /* Gilroy-Heavy.ttf in Resources */ = {isa = PBXBuildFile; fileRef = E8EC0DCD257CDAE00024D395 /* Gilroy-Heavy.ttf */; };
		E8EC0DD3257CDAE20024D395 /* Gilroy-Light.ttf in Resources */ = {isa = PBXBuildFile; fileRef = E8EC0DCE257CDAE10024D395 /* Gilroy-Light.ttf */; };
		E8EC0DD4257CDAE20024D395 /* Gilroy-Regular.ttf in Resources */ = {isa = PBXBuildFile; fileRef = E8EC0DCF257CDAE10024D395 /* Gilroy-Regular.ttf */; };
		E8EC0DD5257CDAE20024D395 /* Gilroy-Medium.ttf in Resources */ = {isa = PBXBuildFile; fileRef = E8EC0DD0257CDAE20024D395 /* Gilroy-Medium.ttf */; };
		E8EC0DD6257CDAE20024D395 /* Gilroy-Bold.ttf in Resources */ = {isa = PBXBuildFile; fileRef = E8EC0DD1257CDAE20024D395 /* Gilroy-Bold.ttf */; };
		E8EC0DDA257CDCEF0024D395 /* HomeViewController.swift in Sources */ = {isa = PBXBuildFile; fileRef = E8EC0DD8257CDCEF0024D395 /* HomeViewController.swift */; };
		E8EC0DDB257CDCEF0024D395 /* HomeViewController.xib in Resources */ = {isa = PBXBuildFile; fileRef = E8EC0DD9257CDCEF0024D395 /* HomeViewController.xib */; };
		E8EC0DE0257CE04A0024D395 /* CustomTabBarController.swift in Sources */ = {isa = PBXBuildFile; fileRef = E8EC0DDF257CE04A0024D395 /* CustomTabBarController.swift */; };
/* End PBXBuildFile section */

/* Begin PBXContainerItemProxy section */
		E8B287752576CB1100326E02 /* PBXContainerItemProxy */ = {
			isa = PBXContainerItemProxy;
			containerPortal = E8B287562576CB0B00326E02 /* Project object */;
			proxyType = 1;
			remoteGlobalIDString = E8B2875D2576CB0B00326E02;
			remoteInfo = Opportunities;
		};
		E8B287802576CB1100326E02 /* PBXContainerItemProxy */ = {
			isa = PBXContainerItemProxy;
			containerPortal = E8B287562576CB0B00326E02 /* Project object */;
			proxyType = 1;
			remoteGlobalIDString = E8B2875D2576CB0B00326E02;
			remoteInfo = Opportunities;
		};
/* End PBXContainerItemProxy section */

/* Begin PBXFileReference section */
		E838E914257D18E900E95553 /* NotificationViewController.swift */ = {isa = PBXFileReference; lastKnownFileType = sourcecode.swift; path = NotificationViewController.swift; sourceTree = "<group>"; };
		E838E915257D18E900E95553 /* NotificationViewController.xib */ = {isa = PBXFileReference; lastKnownFileType = file.xib; path = NotificationViewController.xib; sourceTree = "<group>"; };
		E838E919257D1B4400E95553 /* NotificationTableViewCell.swift */ = {isa = PBXFileReference; lastKnownFileType = sourcecode.swift; path = NotificationTableViewCell.swift; sourceTree = "<group>"; };
		E838E91A257D1B4400E95553 /* NotificationTableViewCell.xib */ = {isa = PBXFileReference; lastKnownFileType = file.xib; path = NotificationTableViewCell.xib; sourceTree = "<group>"; };
		E83AA8CD2576F85200F8317E /* UIview+Extensions.swift */ = {isa = PBXFileReference; fileEncoding = 4; lastKnownFileType = sourcecode.swift; path = "UIview+Extensions.swift"; sourceTree = "<group>"; };
		E83D718E257CEC1700716860 /* HomeTableViewCell.swift */ = {isa = PBXFileReference; lastKnownFileType = sourcecode.swift; path = HomeTableViewCell.swift; sourceTree = "<group>"; };
		E83D718F257CEC1700716860 /* HomeTableViewCell.xib */ = {isa = PBXFileReference; lastKnownFileType = file.xib; path = HomeTableViewCell.xib; sourceTree = "<group>"; };
		E83EFAB1257D62CB0075CDF1 /* CustomAlertVC.swift */ = {isa = PBXFileReference; lastKnownFileType = sourcecode.swift; path = CustomAlertVC.swift; sourceTree = "<group>"; };
		E83EFAB2257D62CB0075CDF1 /* CustomAlertVC.xib */ = {isa = PBXFileReference; lastKnownFileType = file.xib; path = CustomAlertVC.xib; sourceTree = "<group>"; };
		E83EFAB5257D65E30075CDF1 /* Extension+ViewController.swift */ = {isa = PBXFileReference; lastKnownFileType = sourcecode.swift; path = "Extension+ViewController.swift"; sourceTree = "<group>"; };
		E83EFAB8257D6DC60075CDF1 /* AllOpportunitiesViewController.swift */ = {isa = PBXFileReference; lastKnownFileType = sourcecode.swift; path = AllOpportunitiesViewController.swift; sourceTree = "<group>"; };
		E83EFAB9257D6DC60075CDF1 /* AllOpportunitiesViewController.xib */ = {isa = PBXFileReference; lastKnownFileType = file.xib; path = AllOpportunitiesViewController.xib; sourceTree = "<group>"; };
		E83EFABE257D77BC0075CDF1 /* SearchViewController.swift */ = {isa = PBXFileReference; lastKnownFileType = sourcecode.swift; path = SearchViewController.swift; sourceTree = "<group>"; };
		E83EFABF257D77BC0075CDF1 /* SearchViewController.xib */ = {isa = PBXFileReference; lastKnownFileType = file.xib; path = SearchViewController.xib; sourceTree = "<group>"; };
		E85BC27A2577C034003D84C0 /* Opportunities.entitlements */ = {isa = PBXFileReference; lastKnownFileType = text.plist.entitlements; path = Opportunities.entitlements; sourceTree = "<group>"; };
		E8B2875E2576CB0B00326E02 /* Opportunities.app */ = {isa = PBXFileReference; explicitFileType = wrapper.application; includeInIndex = 0; path = Opportunities.app; sourceTree = BUILT_PRODUCTS_DIR; };
		E8B287612576CB0B00326E02 /* AppDelegate.swift */ = {isa = PBXFileReference; lastKnownFileType = sourcecode.swift; path = AppDelegate.swift; sourceTree = "<group>"; };
		E8B287632576CB0B00326E02 /* SceneDelegate.swift */ = {isa = PBXFileReference; lastKnownFileType = sourcecode.swift; path = SceneDelegate.swift; sourceTree = "<group>"; };
		E8B287652576CB0B00326E02 /* LanguageViewController.swift */ = {isa = PBXFileReference; lastKnownFileType = sourcecode.swift; path = LanguageViewController.swift; sourceTree = "<group>"; };
		E8B287682576CB0B00326E02 /* Base */ = {isa = PBXFileReference; lastKnownFileType = file.storyboard; name = Base; path = Base.lproj/Main.storyboard; sourceTree = "<group>"; };
		E8B2876A2576CB1100326E02 /* Assets.xcassets */ = {isa = PBXFileReference; lastKnownFileType = folder.assetcatalog; path = Assets.xcassets; sourceTree = "<group>"; };
		E8B2876D2576CB1100326E02 /* Base */ = {isa = PBXFileReference; lastKnownFileType = file.storyboard; name = Base; path = Base.lproj/LaunchScreen.storyboard; sourceTree = "<group>"; };
		E8B2876F2576CB1100326E02 /* Info.plist */ = {isa = PBXFileReference; lastKnownFileType = text.plist.xml; path = Info.plist; sourceTree = "<group>"; };
		E8B287742576CB1100326E02 /* OpportunitiesTests.xctest */ = {isa = PBXFileReference; explicitFileType = wrapper.cfbundle; includeInIndex = 0; path = OpportunitiesTests.xctest; sourceTree = BUILT_PRODUCTS_DIR; };
		E8B287782576CB1100326E02 /* OpportunitiesTests.swift */ = {isa = PBXFileReference; lastKnownFileType = sourcecode.swift; path = OpportunitiesTests.swift; sourceTree = "<group>"; };
		E8B2877A2576CB1100326E02 /* Info.plist */ = {isa = PBXFileReference; lastKnownFileType = text.plist.xml; path = Info.plist; sourceTree = "<group>"; };
		E8B2877F2576CB1100326E02 /* OpportunitiesUITests.xctest */ = {isa = PBXFileReference; explicitFileType = wrapper.cfbundle; includeInIndex = 0; path = OpportunitiesUITests.xctest; sourceTree = BUILT_PRODUCTS_DIR; };
		E8B287832576CB1100326E02 /* OpportunitiesUITests.swift */ = {isa = PBXFileReference; lastKnownFileType = sourcecode.swift; path = OpportunitiesUITests.swift; sourceTree = "<group>"; };
		E8B287852576CB1100326E02 /* Info.plist */ = {isa = PBXFileReference; lastKnownFileType = text.plist.xml; path = Info.plist; sourceTree = "<group>"; };
		E8B287922576D60D00326E02 /* DesignSystem.swift */ = {isa = PBXFileReference; lastKnownFileType = sourcecode.swift; path = DesignSystem.swift; sourceTree = "<group>"; };
		E8B287942576D62D00326E02 /* Color.swift */ = {isa = PBXFileReference; lastKnownFileType = sourcecode.swift; path = Color.swift; sourceTree = "<group>"; };
		E8B287992576DFE700326E02 /* Font.swift */ = {isa = PBXFileReference; lastKnownFileType = sourcecode.swift; path = Font.swift; sourceTree = "<group>"; };
		E8B2879B2576E0A600326E02 /* CustomFontDiscriptor.swift */ = {isa = PBXFileReference; lastKnownFileType = sourcecode.swift; path = CustomFontDiscriptor.swift; sourceTree = "<group>"; };
		E8B2879D2576E19F00326E02 /* Typography.swift */ = {isa = PBXFileReference; lastKnownFileType = sourcecode.swift; path = Typography.swift; sourceTree = "<group>"; };
		E8B287A12576E46E00326E02 /* Cairo-ExtraLight.ttf */ = {isa = PBXFileReference; lastKnownFileType = file; path = "Cairo-ExtraLight.ttf"; sourceTree = "<group>"; };
		E8B287A22576E46E00326E02 /* Cairo-SemiBold.ttf */ = {isa = PBXFileReference; lastKnownFileType = file; path = "Cairo-SemiBold.ttf"; sourceTree = "<group>"; };
		E8B287A32576E46E00326E02 /* Cairo-Regular.ttf */ = {isa = PBXFileReference; lastKnownFileType = file; path = "Cairo-Regular.ttf"; sourceTree = "<group>"; };
		E8B287A42576E46E00326E02 /* Cairo-Light.ttf */ = {isa = PBXFileReference; lastKnownFileType = file; path = "Cairo-Light.ttf"; sourceTree = "<group>"; };
		E8B287A52576E46E00326E02 /* Cairo-Black.ttf */ = {isa = PBXFileReference; lastKnownFileType = file; path = "Cairo-Black.ttf"; sourceTree = "<group>"; };
		E8B287A62576E46E00326E02 /* Cairo-Bold.ttf */ = {isa = PBXFileReference; lastKnownFileType = file; path = "Cairo-Bold.ttf"; sourceTree = "<group>"; };
		E8B287A72576E46E00326E02 /* OFL.txt */ = {isa = PBXFileReference; fileEncoding = 4; lastKnownFileType = text; path = OFL.txt; sourceTree = "<group>"; };
		E8EC0DCA257CD4200024D395 /* SignUpViewController.swift */ = {isa = PBXFileReference; lastKnownFileType = sourcecode.swift; path = SignUpViewController.swift; sourceTree = "<group>"; };
		E8EC0DCD257CDAE00024D395 /* Gilroy-Heavy.ttf */ = {isa = PBXFileReference; lastKnownFileType = file; path = "Gilroy-Heavy.ttf"; sourceTree = "<group>"; };
		E8EC0DCE257CDAE10024D395 /* Gilroy-Light.ttf */ = {isa = PBXFileReference; lastKnownFileType = file; path = "Gilroy-Light.ttf"; sourceTree = "<group>"; };
		E8EC0DCF257CDAE10024D395 /* Gilroy-Regular.ttf */ = {isa = PBXFileReference; lastKnownFileType = file; path = "Gilroy-Regular.ttf"; sourceTree = "<group>"; };
		E8EC0DD0257CDAE20024D395 /* Gilroy-Medium.ttf */ = {isa = PBXFileReference; lastKnownFileType = file; path = "Gilroy-Medium.ttf"; sourceTree = "<group>"; };
		E8EC0DD1257CDAE20024D395 /* Gilroy-Bold.ttf */ = {isa = PBXFileReference; lastKnownFileType = file; path = "Gilroy-Bold.ttf"; sourceTree = "<group>"; };
		E8EC0DD8257CDCEF0024D395 /* HomeViewController.swift */ = {isa = PBXFileReference; lastKnownFileType = sourcecode.swift; path = HomeViewController.swift; sourceTree = "<group>"; };
		E8EC0DD9257CDCEF0024D395 /* HomeViewController.xib */ = {isa = PBXFileReference; lastKnownFileType = file.xib; path = HomeViewController.xib; sourceTree = "<group>"; };
		E8EC0DDF257CE04A0024D395 /* CustomTabBarController.swift */ = {isa = PBXFileReference; lastKnownFileType = sourcecode.swift; path = CustomTabBarController.swift; sourceTree = "<group>"; };
/* End PBXFileReference section */

/* Begin PBXFrameworksBuildPhase section */
		E8B2875B2576CB0B00326E02 /* Frameworks */ = {
			isa = PBXFrameworksBuildPhase;
			buildActionMask = 2147483647;
			files = (
			);
			runOnlyForDeploymentPostprocessing = 0;
		};
		E8B287712576CB1100326E02 /* Frameworks */ = {
			isa = PBXFrameworksBuildPhase;
			buildActionMask = 2147483647;
			files = (
			);
			runOnlyForDeploymentPostprocessing = 0;
		};
		E8B2877C2576CB1100326E02 /* Frameworks */ = {
			isa = PBXFrameworksBuildPhase;
			buildActionMask = 2147483647;
			files = (
			);
			runOnlyForDeploymentPostprocessing = 0;
		};
/* End PBXFrameworksBuildPhase section */

/* Begin PBXGroup section */
		E838E913257D18BE00E95553 /* Notification */ = {
			isa = PBXGroup;
			children = (
				E838E918257D1B1900E95553 /* Cell */,
				E838E914257D18E900E95553 /* NotificationViewController.swift */,
				E838E915257D18E900E95553 /* NotificationViewController.xib */,
			);
			path = Notification;
			sourceTree = "<group>";
		};
		E838E918257D1B1900E95553 /* Cell */ = {
			isa = PBXGroup;
			children = (
				E838E919257D1B4400E95553 /* NotificationTableViewCell.swift */,
				E838E91A257D1B4400E95553 /* NotificationTableViewCell.xib */,
			);
			path = Cell;
			sourceTree = "<group>";
		};
		E83D718D257CEBEE00716860 /* Cell */ = {
			isa = PBXGroup;
			children = (
				E83D718E257CEC1700716860 /* HomeTableViewCell.swift */,
				E83D718F257CEC1700716860 /* HomeTableViewCell.xib */,
			);
			path = Cell;
			sourceTree = "<group>";
		};
		E83EFAB7257D6D770075CDF1 /* AllOpportunities */ = {
			isa = PBXGroup;
			children = (
				E83EFAB8257D6DC60075CDF1 /* AllOpportunitiesViewController.swift */,
				E83EFAB9257D6DC60075CDF1 /* AllOpportunitiesViewController.xib */,
			);
			path = AllOpportunities;
			sourceTree = "<group>";
		};
		E83EFABC257D776E0075CDF1 /* Sign */ = {
			isa = PBXGroup;
			children = (
				E8B287672576CB0B00326E02 /* Main.storyboard */,
				E8B287652576CB0B00326E02 /* LanguageViewController.swift */,
				E8EC0DCA257CD4200024D395 /* SignUpViewController.swift */,
			);
			path = Sign;
			sourceTree = "<group>";
		};
		E83EFABD257D77A30075CDF1 /* Search */ = {
			isa = PBXGroup;
			children = (
				E83EFABE257D77BC0075CDF1 /* SearchViewController.swift */,
				E83EFABF257D77BC0075CDF1 /* SearchViewController.xib */,
			);
			path = Search;
			sourceTree = "<group>";
		};
		E8B287552576CB0B00326E02 = {
			isa = PBXGroup;
			children = (
				E8B287602576CB0B00326E02 /* Opportunities */,
				E8B287772576CB1100326E02 /* OpportunitiesTests */,
				E8B287822576CB1100326E02 /* OpportunitiesUITests */,
				E8B2875F2576CB0B00326E02 /* Products */,
			);
			sourceTree = "<group>";
		};
		E8B2875F2576CB0B00326E02 /* Products */ = {
			isa = PBXGroup;
			children = (
				E8B2875E2576CB0B00326E02 /* Opportunities.app */,
				E8B287742576CB1100326E02 /* OpportunitiesTests.xctest */,
				E8B2877F2576CB1100326E02 /* OpportunitiesUITests.xctest */,
			);
			name = Products;
			sourceTree = "<group>";
		};
		E8B287602576CB0B00326E02 /* Opportunities */ = {
			isa = PBXGroup;
			children = (
				E8B287962576D64D00326E02 /* Commen */,
				E8B287912576D5F000326E02 /* DesignSystem */,
				E8EC0DDD257CDE8F0024D395 /* Extensions */,
				E8EC0DDC257CDE840024D395 /* Utility */,
				E8EC0DDE257CDF280024D395 /* Screens */,
			);
			path = Opportunities;
			sourceTree = "<group>";
		};
		E8B287772576CB1100326E02 /* OpportunitiesTests */ = {
			isa = PBXGroup;
			children = (
				E8B287782576CB1100326E02 /* OpportunitiesTests.swift */,
				E8B2877A2576CB1100326E02 /* Info.plist */,
			);
			path = OpportunitiesTests;
			sourceTree = "<group>";
		};
		E8B287822576CB1100326E02 /* OpportunitiesUITests */ = {
			isa = PBXGroup;
			children = (
				E8B287832576CB1100326E02 /* OpportunitiesUITests.swift */,
				E8B287852576CB1100326E02 /* Info.plist */,
			);
			path = OpportunitiesUITests;
			sourceTree = "<group>";
		};
		E8B287912576D5F000326E02 /* DesignSystem */ = {
			isa = PBXGroup;
			children = (
				E8B287982576DFD000326E02 /* Typography */,
				E8B287972576DFC300326E02 /* Colors */,
				E8B287922576D60D00326E02 /* DesignSystem.swift */,
			);
			path = DesignSystem;
			sourceTree = "<group>";
		};
		E8B287962576D64D00326E02 /* Commen */ = {
			isa = PBXGroup;
			children = (
				E8B2876F2576CB1100326E02 /* Info.plist */,
				E85BC27A2577C034003D84C0 /* Opportunities.entitlements */,
				E8B287612576CB0B00326E02 /* AppDelegate.swift */,
				E8B287632576CB0B00326E02 /* SceneDelegate.swift */,
				E8B2876C2576CB1100326E02 /* LaunchScreen.storyboard */,
				E8B2876A2576CB1100326E02 /* Assets.xcassets */,
			);
			path = Commen;
			sourceTree = "<group>";
		};
		E8B287972576DFC300326E02 /* Colors */ = {
			isa = PBXGroup;
			children = (
				E8B287942576D62D00326E02 /* Color.swift */,
			);
			path = Colors;
			sourceTree = "<group>";
		};
		E8B287982576DFD000326E02 /* Typography */ = {
			isa = PBXGroup;
			children = (
				E8B2879F2576E37900326E02 /* MyCustomFont */,
				E8B287992576DFE700326E02 /* Font.swift */,
				E8B2879B2576E0A600326E02 /* CustomFontDiscriptor.swift */,
				E8B2879D2576E19F00326E02 /* Typography.swift */,
			);
			path = Typography;
			sourceTree = "<group>";
		};
		E8B2879F2576E37900326E02 /* MyCustomFont */ = {
			isa = PBXGroup;
			children = (
				E8EC0DCC257CDABD0024D395 /* Gilroy */,
				E8B287A02576E46E00326E02 /* cairo */,
			);
			path = MyCustomFont;
			sourceTree = "<group>";
		};
		E8B287A02576E46E00326E02 /* cairo */ = {
			isa = PBXGroup;
			children = (
				E8B287A12576E46E00326E02 /* Cairo-ExtraLight.ttf */,
				E8B287A22576E46E00326E02 /* Cairo-SemiBold.ttf */,
				E8B287A32576E46E00326E02 /* Cairo-Regular.ttf */,
				E8B287A42576E46E00326E02 /* Cairo-Light.ttf */,
				E8B287A52576E46E00326E02 /* Cairo-Black.ttf */,
				E8B287A62576E46E00326E02 /* Cairo-Bold.ttf */,
				E8B287A72576E46E00326E02 /* OFL.txt */,
			);
			path = cairo;
			sourceTree = "<group>";
		};
		E8EC0DCC257CDABD0024D395 /* Gilroy */ = {
			isa = PBXGroup;
			children = (
				E8EC0DD1257CDAE20024D395 /* Gilroy-Bold.ttf */,
				E8EC0DCD257CDAE00024D395 /* Gilroy-Heavy.ttf */,
				E8EC0DCE257CDAE10024D395 /* Gilroy-Light.ttf */,
				E8EC0DD0257CDAE20024D395 /* Gilroy-Medium.ttf */,
				E8EC0DCF257CDAE10024D395 /* Gilroy-Regular.ttf */,
			);
			path = Gilroy;
			sourceTree = "<group>";
		};
		E8EC0DD7257CDCDA0024D395 /* Home */ = {
			isa = PBXGroup;
			children = (
				E83D718D257CEBEE00716860 /* Cell */,
				E8EC0DD8257CDCEF0024D395 /* HomeViewController.swift */,
				E8EC0DD9257CDCEF0024D395 /* HomeViewController.xib */,
			);
			path = Home;
			sourceTree = "<group>";
		};
		E8EC0DDC257CDE840024D395 /* Utility */ = {
			isa = PBXGroup;
			children = (
				E8EC0DDF257CE04A0024D395 /* CustomTabBarController.swift */,
				E83EFAB1257D62CB0075CDF1 /* CustomAlertVC.swift */,
				E83EFAB2257D62CB0075CDF1 /* CustomAlertVC.xib */,
			);
			path = Utility;
			sourceTree = "<group>";
		};
		E8EC0DDD257CDE8F0024D395 /* Extensions */ = {
			isa = PBXGroup;
			children = (
				E83AA8CD2576F85200F8317E /* UIview+Extensions.swift */,
				E83EFAB5257D65E30075CDF1 /* Extension+ViewController.swift */,
			);
			path = Extensions;
			sourceTree = "<group>";
		};
		E8EC0DDE257CDF280024D395 /* Screens */ = {
			isa = PBXGroup;
			children = (
				E83EFABD257D77A30075CDF1 /* Search */,
				E83EFABC257D776E0075CDF1 /* Sign */,
				E83EFAB7257D6D770075CDF1 /* AllOpportunities */,
				E838E913257D18BE00E95553 /* Notification */,
				E8EC0DD7257CDCDA0024D395 /* Home */,
			);
			path = Screens;
			sourceTree = "<group>";
		};
/* End PBXGroup section */

/* Begin PBXNativeTarget section */
		E8B2875D2576CB0B00326E02 /* Opportunities */ = {
			isa = PBXNativeTarget;
			buildConfigurationList = E8B287882576CB1100326E02 /* Build configuration list for PBXNativeTarget "Opportunities" */;
			buildPhases = (
				E8B2875A2576CB0B00326E02 /* Sources */,
				E8B2875B2576CB0B00326E02 /* Frameworks */,
				E8B2875C2576CB0B00326E02 /* Resources */,
			);
			buildRules = (
			);
			dependencies = (
			);
			name = Opportunities;
			productName = Opportunities;
			productReference = E8B2875E2576CB0B00326E02 /* Opportunities.app */;
			productType = "com.apple.product-type.application";
		};
		E8B287732576CB1100326E02 /* OpportunitiesTests */ = {
			isa = PBXNativeTarget;
			buildConfigurationList = E8B2878B2576CB1100326E02 /* Build configuration list for PBXNativeTarget "OpportunitiesTests" */;
			buildPhases = (
				E8B287702576CB1100326E02 /* Sources */,
				E8B287712576CB1100326E02 /* Frameworks */,
				E8B287722576CB1100326E02 /* Resources */,
			);
			buildRules = (
			);
			dependencies = (
				E8B287762576CB1100326E02 /* PBXTargetDependency */,
			);
			name = OpportunitiesTests;
			productName = OpportunitiesTests;
			productReference = E8B287742576CB1100326E02 /* OpportunitiesTests.xctest */;
			productType = "com.apple.product-type.bundle.unit-test";
		};
		E8B2877E2576CB1100326E02 /* OpportunitiesUITests */ = {
			isa = PBXNativeTarget;
			buildConfigurationList = E8B2878E2576CB1100326E02 /* Build configuration list for PBXNativeTarget "OpportunitiesUITests" */;
			buildPhases = (
				E8B2877B2576CB1100326E02 /* Sources */,
				E8B2877C2576CB1100326E02 /* Frameworks */,
				E8B2877D2576CB1100326E02 /* Resources */,
			);
			buildRules = (
			);
			dependencies = (
				E8B287812576CB1100326E02 /* PBXTargetDependency */,
			);
			name = OpportunitiesUITests;
			productName = OpportunitiesUITests;
			productReference = E8B2877F2576CB1100326E02 /* OpportunitiesUITests.xctest */;
			productType = "com.apple.product-type.bundle.ui-testing";
		};
/* End PBXNativeTarget section */

/* Begin PBXProject section */
		E8B287562576CB0B00326E02 /* Project object */ = {
			isa = PBXProject;
			attributes = {
				LastSwiftUpdateCheck = 1130;
				LastUpgradeCheck = 1130;
				ORGANIZATIONNAME = youssef;
				TargetAttributes = {
					E8B2875D2576CB0B00326E02 = {
						CreatedOnToolsVersion = 11.3.1;
					};
					E8B287732576CB1100326E02 = {
						CreatedOnToolsVersion = 11.3.1;
						TestTargetID = E8B2875D2576CB0B00326E02;
					};
					E8B2877E2576CB1100326E02 = {
						CreatedOnToolsVersion = 11.3.1;
						TestTargetID = E8B2875D2576CB0B00326E02;
					};
				};
			};
			buildConfigurationList = E8B287592576CB0B00326E02 /* Build configuration list for PBXProject "Opportunities" */;
			compatibilityVersion = "Xcode 9.3";
			developmentRegion = en;
			hasScannedForEncodings = 0;
			knownRegions = (
				en,
				Base,
			);
			mainGroup = E8B287552576CB0B00326E02;
			productRefGroup = E8B2875F2576CB0B00326E02 /* Products */;
			projectDirPath = "";
			projectRoot = "";
			targets = (
				E8B2875D2576CB0B00326E02 /* Opportunities */,
				E8B287732576CB1100326E02 /* OpportunitiesTests */,
				E8B2877E2576CB1100326E02 /* OpportunitiesUITests */,
			);
		};
/* End PBXProject section */

/* Begin PBXResourcesBuildPhase section */
		E8B2875C2576CB0B00326E02 /* Resources */ = {
			isa = PBXResourcesBuildPhase;
			buildActionMask = 2147483647;
			files = (
				E838E91C257D1B4400E95553 /* NotificationTableViewCell.xib in Resources */,
				E8B287AE2576E46E00326E02 /* OFL.txt in Resources */,
				E83EFAB4257D62CB0075CDF1 /* CustomAlertVC.xib in Resources */,
				E8EC0DD5257CDAE20024D395 /* Gilroy-Medium.ttf in Resources */,
				E8B287AA2576E46E00326E02 /* Cairo-Regular.ttf in Resources */,
				E8EC0DD4257CDAE20024D395 /* Gilroy-Regular.ttf in Resources */,
				E8B2876E2576CB1100326E02 /* LaunchScreen.storyboard in Resources */,
				E8EC0DD3257CDAE20024D395 /* Gilroy-Light.ttf in Resources */,
				E8B2876B2576CB1100326E02 /* Assets.xcassets in Resources */,
				E8B287AC2576E46E00326E02 /* Cairo-Black.ttf in Resources */,
				E8B287A92576E46E00326E02 /* Cairo-SemiBold.ttf in Resources */,
				E8B287692576CB0B00326E02 /* Main.storyboard in Resources */,
				E8B287A82576E46E00326E02 /* Cairo-ExtraLight.ttf in Resources */,
				E83D7191257CEC1700716860 /* HomeTableViewCell.xib in Resources */,
				E8EC0DD2257CDAE20024D395 /* Gilroy-Heavy.ttf in Resources */,
				E8EC0DD6257CDAE20024D395 /* Gilroy-Bold.ttf in Resources */,
				E8B287AD2576E46E00326E02 /* Cairo-Bold.ttf in Resources */,
				E838E917257D18E900E95553 /* NotificationViewController.xib in Resources */,
				E83EFAC1257D77BC0075CDF1 /* SearchViewController.xib in Resources */,
				E8B287AB2576E46E00326E02 /* Cairo-Light.ttf in Resources */,
				E8EC0DDB257CDCEF0024D395 /* HomeViewController.xib in Resources */,
				E83EFABB257D6DC60075CDF1 /* AllOpportunitiesViewController.xib in Resources */,
			);
			runOnlyForDeploymentPostprocessing = 0;
		};
		E8B287722576CB1100326E02 /* Resources */ = {
			isa = PBXResourcesBuildPhase;
			buildActionMask = 2147483647;
			files = (
			);
			runOnlyForDeploymentPostprocessing = 0;
		};
		E8B2877D2576CB1100326E02 /* Resources */ = {
			isa = PBXResourcesBuildPhase;
			buildActionMask = 2147483647;
			files = (
			);
			runOnlyForDeploymentPostprocessing = 0;
		};
/* End PBXResourcesBuildPhase section */

/* Begin PBXSourcesBuildPhase section */
		E8B2875A2576CB0B00326E02 /* Sources */ = {
			isa = PBXSourcesBuildPhase;
			buildActionMask = 2147483647;
			files = (
				E83AA8CE2576F85200F8317E /* UIview+Extensions.swift in Sources */,
				E8B2879C2576E0A600326E02 /* CustomFontDiscriptor.swift in Sources */,
				E83D7190257CEC1700716860 /* HomeTableViewCell.swift in Sources */,
				E8EC0DE0257CE04A0024D395 /* CustomTabBarController.swift in Sources */,
				E83EFAC0257D77BC0075CDF1 /* SearchViewController.swift in Sources */,
				E8B287952576D62D00326E02 /* Color.swift in Sources */,
				E8B2879E2576E19F00326E02 /* Typography.swift in Sources */,
				E838E91B257D1B4400E95553 /* NotificationTableViewCell.swift in Sources */,
				E8EC0DCB257CD4200024D395 /* SignUpViewController.swift in Sources */,
				E8B287932576D60D00326E02 /* DesignSystem.swift in Sources */,
				E8B2879A2576DFE700326E02 /* Font.swift in Sources */,
				E83EFAB3257D62CB0075CDF1 /* CustomAlertVC.swift in Sources */,
				E8EC0DDA257CDCEF0024D395 /* HomeViewController.swift in Sources */,
				E838E916257D18E900E95553 /* NotificationViewController.swift in Sources */,
				E8B287662576CB0B00326E02 /* LanguageViewController.swift in Sources */,
				E83EFAB6257D65E30075CDF1 /* Extension+ViewController.swift in Sources */,
				E83EFABA257D6DC60075CDF1 /* AllOpportunitiesViewController.swift in Sources */,
				E8B287622576CB0B00326E02 /* AppDelegate.swift in Sources */,
				E8B287642576CB0B00326E02 /* SceneDelegate.swift in Sources */,
			);
			runOnlyForDeploymentPostprocessing = 0;
		};
		E8B287702576CB1100326E02 /* Sources */ = {
			isa = PBXSourcesBuildPhase;
			buildActionMask = 2147483647;
			files = (
				E8B287792576CB1100326E02 /* OpportunitiesTests.swift in Sources */,
			);
			runOnlyForDeploymentPostprocessing = 0;
		};
		E8B2877B2576CB1100326E02 /* Sources */ = {
			isa = PBXSourcesBuildPhase;
			buildActionMask = 2147483647;
			files = (
				E8B287842576CB1100326E02 /* OpportunitiesUITests.swift in Sources */,
			);
			runOnlyForDeploymentPostprocessing = 0;
		};
/* End PBXSourcesBuildPhase section */

/* Begin PBXTargetDependency section */
		E8B287762576CB1100326E02 /* PBXTargetDependency */ = {
			isa = PBXTargetDependency;
			target = E8B2875D2576CB0B00326E02 /* Opportunities */;
			targetProxy = E8B287752576CB1100326E02 /* PBXContainerItemProxy */;
		};
		E8B287812576CB1100326E02 /* PBXTargetDependency */ = {
			isa = PBXTargetDependency;
			target = E8B2875D2576CB0B00326E02 /* Opportunities */;
			targetProxy = E8B287802576CB1100326E02 /* PBXContainerItemProxy */;
		};
/* End PBXTargetDependency section */

/* Begin PBXVariantGroup section */
		E8B287672576CB0B00326E02 /* Main.storyboard */ = {
			isa = PBXVariantGroup;
			children = (
				E8B287682576CB0B00326E02 /* Base */,
			);
			name = Main.storyboard;
			sourceTree = "<group>";
		};
		E8B2876C2576CB1100326E02 /* LaunchScreen.storyboard */ = {
			isa = PBXVariantGroup;
			children = (
				E8B2876D2576CB1100326E02 /* Base */,
			);
			name = LaunchScreen.storyboard;
			sourceTree = "<group>";
		};
/* End PBXVariantGroup section */

/* Begin XCBuildConfiguration section */
		E8B287862576CB1100326E02 /* Debug */ = {
			isa = XCBuildConfiguration;
			buildSettings = {
				ALWAYS_SEARCH_USER_PATHS = NO;
				CLANG_ANALYZER_NONNULL = YES;
				CLANG_ANALYZER_NUMBER_OBJECT_CONVERSION = YES_AGGRESSIVE;
				CLANG_CXX_LANGUAGE_STANDARD = "gnu++14";
				CLANG_CXX_LIBRARY = "libc++";
				CLANG_ENABLE_MODULES = YES;
				CLANG_ENABLE_OBJC_ARC = YES;
				CLANG_ENABLE_OBJC_WEAK = YES;
				CLANG_WARN_BLOCK_CAPTURE_AUTORELEASING = YES;
				CLANG_WARN_BOOL_CONVERSION = YES;
				CLANG_WARN_COMMA = YES;
				CLANG_WARN_CONSTANT_CONVERSION = YES;
				CLANG_WARN_DEPRECATED_OBJC_IMPLEMENTATIONS = YES;
				CLANG_WARN_DIRECT_OBJC_ISA_USAGE = YES_ERROR;
				CLANG_WARN_DOCUMENTATION_COMMENTS = YES;
				CLANG_WARN_EMPTY_BODY = YES;
				CLANG_WARN_ENUM_CONVERSION = YES;
				CLANG_WARN_INFINITE_RECURSION = YES;
				CLANG_WARN_INT_CONVERSION = YES;
				CLANG_WARN_NON_LITERAL_NULL_CONVERSION = YES;
				CLANG_WARN_OBJC_IMPLICIT_RETAIN_SELF = YES;
				CLANG_WARN_OBJC_LITERAL_CONVERSION = YES;
				CLANG_WARN_OBJC_ROOT_CLASS = YES_ERROR;
				CLANG_WARN_RANGE_LOOP_ANALYSIS = YES;
				CLANG_WARN_STRICT_PROTOTYPES = YES;
				CLANG_WARN_SUSPICIOUS_MOVE = YES;
				CLANG_WARN_UNGUARDED_AVAILABILITY = YES_AGGRESSIVE;
				CLANG_WARN_UNREACHABLE_CODE = YES;
				CLANG_WARN__DUPLICATE_METHOD_MATCH = YES;
				COPY_PHASE_STRIP = NO;
				DEBUG_INFORMATION_FORMAT = dwarf;
				ENABLE_STRICT_OBJC_MSGSEND = YES;
				ENABLE_TESTABILITY = YES;
				GCC_C_LANGUAGE_STANDARD = gnu11;
				GCC_DYNAMIC_NO_PIC = NO;
				GCC_NO_COMMON_BLOCKS = YES;
				GCC_OPTIMIZATION_LEVEL = 0;
				GCC_PREPROCESSOR_DEFINITIONS = (
					"DEBUG=1",
					"$(inherited)",
				);
				GCC_WARN_64_TO_32_BIT_CONVERSION = YES;
				GCC_WARN_ABOUT_RETURN_TYPE = YES_ERROR;
				GCC_WARN_UNDECLARED_SELECTOR = YES;
				GCC_WARN_UNINITIALIZED_AUTOS = YES_AGGRESSIVE;
				GCC_WARN_UNUSED_FUNCTION = YES;
				GCC_WARN_UNUSED_VARIABLE = YES;
				IPHONEOS_DEPLOYMENT_TARGET = 13.2;
				MTL_ENABLE_DEBUG_INFO = INCLUDE_SOURCE;
				MTL_FAST_MATH = YES;
				ONLY_ACTIVE_ARCH = YES;
				SDKROOT = iphoneos;
				SWIFT_ACTIVE_COMPILATION_CONDITIONS = DEBUG;
				SWIFT_OPTIMIZATION_LEVEL = "-Onone";
			};
			name = Debug;
		};
		E8B287872576CB1100326E02 /* Release */ = {
			isa = XCBuildConfiguration;
			buildSettings = {
				ALWAYS_SEARCH_USER_PATHS = NO;
				CLANG_ANALYZER_NONNULL = YES;
				CLANG_ANALYZER_NUMBER_OBJECT_CONVERSION = YES_AGGRESSIVE;
				CLANG_CXX_LANGUAGE_STANDARD = "gnu++14";
				CLANG_CXX_LIBRARY = "libc++";
				CLANG_ENABLE_MODULES = YES;
				CLANG_ENABLE_OBJC_ARC = YES;
				CLANG_ENABLE_OBJC_WEAK = YES;
				CLANG_WARN_BLOCK_CAPTURE_AUTORELEASING = YES;
				CLANG_WARN_BOOL_CONVERSION = YES;
				CLANG_WARN_COMMA = YES;
				CLANG_WARN_CONSTANT_CONVERSION = YES;
				CLANG_WARN_DEPRECATED_OBJC_IMPLEMENTATIONS = YES;
				CLANG_WARN_DIRECT_OBJC_ISA_USAGE = YES_ERROR;
				CLANG_WARN_DOCUMENTATION_COMMENTS = YES;
				CLANG_WARN_EMPTY_BODY = YES;
				CLANG_WARN_ENUM_CONVERSION = YES;
				CLANG_WARN_INFINITE_RECURSION = YES;
				CLANG_WARN_INT_CONVERSION = YES;
				CLANG_WARN_NON_LITERAL_NULL_CONVERSION = YES;
				CLANG_WARN_OBJC_IMPLICIT_RETAIN_SELF = YES;
				CLANG_WARN_OBJC_LITERAL_CONVERSION = YES;
				CLANG_WARN_OBJC_ROOT_CLASS = YES_ERROR;
				CLANG_WARN_RANGE_LOOP_ANALYSIS = YES;
				CLANG_WARN_STRICT_PROTOTYPES = YES;
				CLANG_WARN_SUSPICIOUS_MOVE = YES;
				CLANG_WARN_UNGUARDED_AVAILABILITY = YES_AGGRESSIVE;
				CLANG_WARN_UNREACHABLE_CODE = YES;
				CLANG_WARN__DUPLICATE_METHOD_MATCH = YES;
				COPY_PHASE_STRIP = NO;
				DEBUG_INFORMATION_FORMAT = "dwarf-with-dsym";
				ENABLE_NS_ASSERTIONS = NO;
				ENABLE_STRICT_OBJC_MSGSEND = YES;
				GCC_C_LANGUAGE_STANDARD = gnu11;
				GCC_NO_COMMON_BLOCKS = YES;
				GCC_WARN_64_TO_32_BIT_CONVERSION = YES;
				GCC_WARN_ABOUT_RETURN_TYPE = YES_ERROR;
				GCC_WARN_UNDECLARED_SELECTOR = YES;
				GCC_WARN_UNINITIALIZED_AUTOS = YES_AGGRESSIVE;
				GCC_WARN_UNUSED_FUNCTION = YES;
				GCC_WARN_UNUSED_VARIABLE = YES;
				IPHONEOS_DEPLOYMENT_TARGET = 13.2;
				MTL_ENABLE_DEBUG_INFO = NO;
				MTL_FAST_MATH = YES;
				SDKROOT = iphoneos;
				SWIFT_COMPILATION_MODE = wholemodule;
				SWIFT_OPTIMIZATION_LEVEL = "-O";
				VALIDATE_PRODUCT = YES;
			};
			name = Release;
		};
		E8B287892576CB1100326E02 /* Debug */ = {
			isa = XCBuildConfiguration;
			buildSettings = {
				ASSETCATALOG_COMPILER_APPICON_NAME = AppIcon;
				CODE_SIGN_ENTITLEMENTS = Opportunities/Opportunities.entitlements;
				CODE_SIGN_STYLE = Automatic;
				DEVELOPMENT_TEAM = Y6A9D83764;
				INFOPLIST_FILE = "$(SRCROOT)/Opportunities/Commen/Info.plist";
				LD_RUNPATH_SEARCH_PATHS = (
					"$(inherited)",
					"@executable_path/Frameworks",
				);
				PRODUCT_BUNDLE_IDENTIFIER = youssef.Opportunities;
				PRODUCT_NAME = "$(TARGET_NAME)";
				SWIFT_VERSION = 5.0;
				TARGETED_DEVICE_FAMILY = "1,2";
			};
			name = Debug;
		};
		E8B2878A2576CB1100326E02 /* Release */ = {
			isa = XCBuildConfiguration;
			buildSettings = {
				ASSETCATALOG_COMPILER_APPICON_NAME = AppIcon;
				CODE_SIGN_ENTITLEMENTS = Opportunities/Opportunities.entitlements;
				CODE_SIGN_STYLE = Automatic;
				DEVELOPMENT_TEAM = Y6A9D83764;
				INFOPLIST_FILE = "$(SRCROOT)/Opportunities/Commen/Info.plist";
				LD_RUNPATH_SEARCH_PATHS = (
					"$(inherited)",
					"@executable_path/Frameworks",
				);
				PRODUCT_BUNDLE_IDENTIFIER = youssef.Opportunities;
				PRODUCT_NAME = "$(TARGET_NAME)";
				SWIFT_VERSION = 5.0;
				TARGETED_DEVICE_FAMILY = "1,2";
			};
			name = Release;
		};
		E8B2878C2576CB1100326E02 /* Debug */ = {
			isa = XCBuildConfiguration;
			buildSettings = {
				ALWAYS_EMBED_SWIFT_STANDARD_LIBRARIES = YES;
				BUNDLE_LOADER = "$(TEST_HOST)";
				CODE_SIGN_STYLE = Automatic;
				DEVELOPMENT_TEAM = Y6A9D83764;
				INFOPLIST_FILE = OpportunitiesTests/Info.plist;
				IPHONEOS_DEPLOYMENT_TARGET = 13.2;
				LD_RUNPATH_SEARCH_PATHS = (
					"$(inherited)",
					"@executable_path/Frameworks",
					"@loader_path/Frameworks",
				);
				PRODUCT_BUNDLE_IDENTIFIER = youssef.OpportunitiesTests;
				PRODUCT_NAME = "$(TARGET_NAME)";
				SWIFT_VERSION = 5.0;
				TARGETED_DEVICE_FAMILY = "1,2";
				TEST_HOST = "$(BUILT_PRODUCTS_DIR)/Opportunities.app/Opportunities";
			};
			name = Debug;
		};
		E8B2878D2576CB1100326E02 /* Release */ = {
			isa = XCBuildConfiguration;
			buildSettings = {
				ALWAYS_EMBED_SWIFT_STANDARD_LIBRARIES = YES;
				BUNDLE_LOADER = "$(TEST_HOST)";
				CODE_SIGN_STYLE = Automatic;
				DEVELOPMENT_TEAM = Y6A9D83764;
				INFOPLIST_FILE = OpportunitiesTests/Info.plist;
				IPHONEOS_DEPLOYMENT_TARGET = 13.2;
				LD_RUNPATH_SEARCH_PATHS = (
					"$(inherited)",
					"@executable_path/Frameworks",
					"@loader_path/Frameworks",
				);
				PRODUCT_BUNDLE_IDENTIFIER = youssef.OpportunitiesTests;
				PRODUCT_NAME = "$(TARGET_NAME)";
				SWIFT_VERSION = 5.0;
				TARGETED_DEVICE_FAMILY = "1,2";
				TEST_HOST = "$(BUILT_PRODUCTS_DIR)/Opportunities.app/Opportunities";
			};
			name = Release;
		};
		E8B2878F2576CB1100326E02 /* Debug */ = {
			isa = XCBuildConfiguration;
			buildSettings = {
				ALWAYS_EMBED_SWIFT_STANDARD_LIBRARIES = YES;
				CODE_SIGN_STYLE = Automatic;
				DEVELOPMENT_TEAM = Y6A9D83764;
				INFOPLIST_FILE = OpportunitiesUITests/Info.plist;
				LD_RUNPATH_SEARCH_PATHS = (
					"$(inherited)",
					"@executable_path/Frameworks",
					"@loader_path/Frameworks",
				);
				PRODUCT_BUNDLE_IDENTIFIER = youssef.OpportunitiesUITests;
				PRODUCT_NAME = "$(TARGET_NAME)";
				SWIFT_VERSION = 5.0;
				TARGETED_DEVICE_FAMILY = "1,2";
				TEST_TARGET_NAME = Opportunities;
			};
			name = Debug;
		};
		E8B287902576CB1100326E02 /* Release */ = {
			isa = XCBuildConfiguration;
			buildSettings = {
				ALWAYS_EMBED_SWIFT_STANDARD_LIBRARIES = YES;
				CODE_SIGN_STYLE = Automatic;
				DEVELOPMENT_TEAM = Y6A9D83764;
				INFOPLIST_FILE = OpportunitiesUITests/Info.plist;
				LD_RUNPATH_SEARCH_PATHS = (
					"$(inherited)",
					"@executable_path/Frameworks",
					"@loader_path/Frameworks",
				);
				PRODUCT_BUNDLE_IDENTIFIER = youssef.OpportunitiesUITests;
				PRODUCT_NAME = "$(TARGET_NAME)";
				SWIFT_VERSION = 5.0;
				TARGETED_DEVICE_FAMILY = "1,2";
				TEST_TARGET_NAME = Opportunities;
			};
			name = Release;
		};
/* End XCBuildConfiguration section */

/* Begin XCConfigurationList section */
		E8B287592576CB0B00326E02 /* Build configuration list for PBXProject "Opportunities" */ = {
			isa = XCConfigurationList;
			buildConfigurations = (
				E8B287862576CB1100326E02 /* Debug */,
				E8B287872576CB1100326E02 /* Release */,
			);
			defaultConfigurationIsVisible = 0;
			defaultConfigurationName = Release;
		};
		E8B287882576CB1100326E02 /* Build configuration list for PBXNativeTarget "Opportunities" */ = {
			isa = XCConfigurationList;
			buildConfigurations = (
				E8B287892576CB1100326E02 /* Debug */,
				E8B2878A2576CB1100326E02 /* Release */,
			);
			defaultConfigurationIsVisible = 0;
			defaultConfigurationName = Release;
		};
		E8B2878B2576CB1100326E02 /* Build configuration list for PBXNativeTarget "OpportunitiesTests" */ = {
			isa = XCConfigurationList;
			buildConfigurations = (
				E8B2878C2576CB1100326E02 /* Debug */,
				E8B2878D2576CB1100326E02 /* Release */,
			);
			defaultConfigurationIsVisible = 0;
			defaultConfigurationName = Release;
		};
		E8B2878E2576CB1100326E02 /* Build configuration list for PBXNativeTarget "OpportunitiesUITests" */ = {
			isa = XCConfigurationList;
			buildConfigurations = (
				E8B2878F2576CB1100326E02 /* Debug */,
				E8B287902576CB1100326E02 /* Release */,
			);
			defaultConfigurationIsVisible = 0;
			defaultConfigurationName = Release;
		};
/* End XCConfigurationList section */
	};
	rootObject = E8B287562576CB0B00326E02 /* Project object */;
}
